
Microsoft Visual Studio Solution File, Format Version 12.00
# Visual Studio Version 17
VisualStudioVersion = 17.0.31903.59
MinimumVisualStudioVersion = 10.0.40219.1
Project("{9A19103F-16F7-4668-BE54-9A1E7A4F7556}") = "CSharpPlayground", "CSharpPlayground\CSharpPlayground.csproj", "{9C1F40F5-6CF8-4AE1-892F-142D78EEC9C5}"
EndProject
Project("{FAE04EC0-301F-11D3-BF4B-00C04F79EFBC}") = "AsyncPlayground", "AsyncPlayground\AsyncPlayground.csproj", "{10C05C9E-2ECF-48C5-B097-C9D4CCCA5D78}"
EndProject
Global
	GlobalSection(SolutionConfigurationPlatforms) = preSolution
		Debug|Any CPU = Debug|Any CPU
		Release|Any CPU = Release|Any CPU
	EndGlobalSection
	GlobalSection(ProjectConfigurationPlatforms) = postSolution
		{9C1F40F5-6CF8-4AE1-892F-142D78EEC9C5}.Debug|Any CPU.ActiveCfg = Debug|Any CPU
		{9C1F40F5-6CF8-4AE1-892F-142D78EEC9C5}.Debug|Any CPU.Build.0 = Debug|Any CPU
		{9C1F40F5-6CF8-4AE1-892F-142D78EEC9C5}.Release|Any CPU.ActiveCfg = Release|Any CPU
		{9C1F40F5-6CF8-4AE1-892F-142D78EEC9C5}.Release|Any CPU.Build.0 = Release|Any CPU
		{10C05C9E-2ECF-48C5-B097-C9D4CCCA5D78}.Debug|Any CPU.ActiveCfg = Debug|Any CPU
		{10C05C9E-2ECF-48C5-B097-C9D4CCCA5D78}.Debug|Any CPU.Build.0 = Debug|Any CPU
		{10C05C9E-2ECF-48C5-B097-C9D4CCCA5D78}.Release|Any CPU.ActiveCfg = Release|Any CPU
		{10C05C9E-2ECF-48C5-B097-C9D4CCCA5D78}.Release|Any CPU.Build.0 = Release|Any CPU
	EndGlobalSection
	GlobalSection(SolutionProperties) = preSolution
		HideSolutionNode = FALSE
	EndGlobalSection
	GlobalSection(ExtensibilityGlobals) = postSolution
		SolutionGuid = {9B465FCD-D20C-412E-90BF-101993EA0213}
	EndGlobalSection
EndGlobal
